
Microsoft Visual Studio Solution File, Format Version 12.00
# Visual Studio Version 17
VisualStudioVersion = 17.13.35931.197
MinimumVisualStudioVersion = 10.0.40219.1
Project("{FAE04EC0-301F-11D3-BF4B-00C04F79EFBC}") = "Kakhanouskaya.UI", "Kakhanouskaya.UI\Kakhanouskaya.UI.csproj", "{B7E7A7D5-7676-47B7-AC9A-5EC27E481702}"
EndProject
Project("{FAE04EC0-301F-11D3-BF4B-00C04F79EFBC}") = "Kakhanouskaya.DOMAIN", "Kakhanouskaya.DOMAIN\Kakhanouskaya.DOMAIN.csproj", "{F567A6BD-53A1-450C-95A5-B36025D5EBC5}"
EndProject
Global
	GlobalSection(SolutionConfigurationPlatforms) = preSolution
		Debug|Any CPU = Debug|Any CPU
		Release|Any CPU = Release|Any CPU
	EndGlobalSection
	GlobalSection(ProjectConfigurationPlatforms) = postSolution
		{B7E7A7D5-7676-47B7-AC9A-5EC27E481702}.Debug|Any CPU.ActiveCfg = Debug|Any CPU
		{B7E7A7D5-7676-47B7-AC9A-5EC27E481702}.Debug|Any CPU.Build.0 = Debug|Any CPU
		{B7E7A7D5-7676-47B7-AC9A-5EC27E481702}.Release|Any CPU.ActiveCfg = Release|Any CPU
		{B7E7A7D5-7676-47B7-AC9A-5EC27E481702}.Release|Any CPU.Build.0 = Release|Any CPU
		{F567A6BD-53A1-450C-95A5-B36025D5EBC5}.Debug|Any CPU.ActiveCfg = Debug|Any CPU
		{F567A6BD-53A1-450C-95A5-B36025D5EBC5}.Debug|Any CPU.Build.0 = Debug|Any CPU
		{F567A6BD-53A1-450C-95A5-B36025D5EBC5}.Release|Any CPU.ActiveCfg = Release|Any CPU
		{F567A6BD-53A1-450C-95A5-B36025D5EBC5}.Release|Any CPU.Build.0 = Release|Any CPU
	EndGlobalSection
	GlobalSection(SolutionProperties) = preSolution
		HideSolutionNode = FALSE
	EndGlobalSection
	GlobalSection(ExtensibilityGlobals) = postSolution
		SolutionGuid = {63524E6F-1922-434D-A318-E814D6606E2E}
	EndGlobalSection
EndGlobal
